
Microsoft Visual Studio Solution File, Format Version 12.00
# Visual Studio 15
VisualStudioVersion = 15.0.26124.0
MinimumVisualStudioVersion = 15.0.26124.0
Project("{2150E333-8FDC-42A3-9474-1A3956D46DE8}") = "src", "src", "{8EA62FEF-FFAE-4080-9DB6-AF2A4BBE0D20}"
EndProject
Project("{FAE04EC0-301F-11D3-BF4B-00C04F79EFBC}") = "SimpleAPI", "src\SimpleAPI\SimpleAPI.csproj", "{2C7C58BF-C246-49B1-BD83-652183C18156}"
EndProject
Project("{2150E333-8FDC-42A3-9474-1A3956D46DE8}") = "test", "test", "{40359FFB-D54E-47D4-A171-F61C91585521}"
EndProject
Project("{FAE04EC0-301F-11D3-BF4B-00C04F79EFBC}") = "SimpleAPI.Tests", "test\SimpleAPI.Tests\SimpleAPI.Tests.csproj", "{3CEF8BF1-7B18-4365-BBFD-36E03BBE1503}"
EndProject
Global
	GlobalSection(SolutionConfigurationPlatforms) = preSolution
		Debug|Any CPU = Debug|Any CPU
		Debug|x64 = Debug|x64
		Debug|x86 = Debug|x86
		Release|Any CPU = Release|Any CPU
		Release|x64 = Release|x64
		Release|x86 = Release|x86
	EndGlobalSection
	GlobalSection(SolutionProperties) = preSolution
		HideSolutionNode = FALSE
	EndGlobalSection
	GlobalSection(ProjectConfigurationPlatforms) = postSolution
		{2C7C58BF-C246-49B1-BD83-652183C18156}.Debug|Any CPU.ActiveCfg = Debug|Any CPU
		{2C7C58BF-C246-49B1-BD83-652183C18156}.Debug|Any CPU.Build.0 = Debug|Any CPU
		{2C7C58BF-C246-49B1-BD83-652183C18156}.Debug|x64.ActiveCfg = Debug|Any CPU
		{2C7C58BF-C246-49B1-BD83-652183C18156}.Debug|x64.Build.0 = Debug|Any CPU
		{2C7C58BF-C246-49B1-BD83-652183C18156}.Debug|x86.ActiveCfg = Debug|Any CPU
		{2C7C58BF-C246-49B1-BD83-652183C18156}.Debug|x86.Build.0 = Debug|Any CPU
		{2C7C58BF-C246-49B1-BD83-652183C18156}.Release|Any CPU.ActiveCfg = Release|Any CPU
		{2C7C58BF-C246-49B1-BD83-652183C18156}.Release|Any CPU.Build.0 = Release|Any CPU
		{2C7C58BF-C246-49B1-BD83-652183C18156}.Release|x64.ActiveCfg = Release|Any CPU
		{2C7C58BF-C246-49B1-BD83-652183C18156}.Release|x64.Build.0 = Release|Any CPU
		{2C7C58BF-C246-49B1-BD83-652183C18156}.Release|x86.ActiveCfg = Release|Any CPU
		{2C7C58BF-C246-49B1-BD83-652183C18156}.Release|x86.Build.0 = Release|Any CPU
		{3CEF8BF1-7B18-4365-BBFD-36E03BBE1503}.Debug|Any CPU.ActiveCfg = Debug|Any CPU
		{3CEF8BF1-7B18-4365-BBFD-36E03BBE1503}.Debug|Any CPU.Build.0 = Debug|Any CPU
		{3CEF8BF1-7B18-4365-BBFD-36E03BBE1503}.Debug|x64.ActiveCfg = Debug|Any CPU
		{3CEF8BF1-7B18-4365-BBFD-36E03BBE1503}.Debug|x64.Build.0 = Debug|Any CPU
		{3CEF8BF1-7B18-4365-BBFD-36E03BBE1503}.Debug|x86.ActiveCfg = Debug|Any CPU
		{3CEF8BF1-7B18-4365-BBFD-36E03BBE1503}.Debug|x86.Build.0 = Debug|Any CPU
		{3CEF8BF1-7B18-4365-BBFD-36E03BBE1503}.Release|Any CPU.ActiveCfg = Release|Any CPU
		{3CEF8BF1-7B18-4365-BBFD-36E03BBE1503}.Release|Any CPU.Build.0 = Release|Any CPU
		{3CEF8BF1-7B18-4365-BBFD-36E03BBE1503}.Release|x64.ActiveCfg = Release|Any CPU
		{3CEF8BF1-7B18-4365-BBFD-36E03BBE1503}.Release|x64.Build.0 = Release|Any CPU
		{3CEF8BF1-7B18-4365-BBFD-36E03BBE1503}.Release|x86.ActiveCfg = Release|Any CPU
		{3CEF8BF1-7B18-4365-BBFD-36E03BBE1503}.Release|x86.Build.0 = Release|Any CPU
	EndGlobalSection
	GlobalSection(NestedProjects) = preSolution
		{2C7C58BF-C246-49B1-BD83-652183C18156} = {8EA62FEF-FFAE-4080-9DB6-AF2A4BBE0D20}
		{3CEF8BF1-7B18-4365-BBFD-36E03BBE1503} = {40359FFB-D54E-47D4-A171-F61C91585521}
	EndGlobalSection
EndGlobal
